// !$*UTF8*$!
{
	archiveVersion = 1;
	classes = {
	};
	objectVersion = 77;
	objects = {

/* Begin PBXBuildFile section */
		112FCF9022AA929ACE750EC2 /* App.swift in Sources */ = {isa = PBXBuildFile; fileRef = 26CB71342630C92A9520BE1D /* App.swift */; };
		317CA547470AD5BED4232E37 /* ControlSurface.swift in Sources */ = {isa = PBXBuildFile; fileRef = AA9A561F20466E3B5EC09AC1 /* ControlSurface.swift */; };
		6A57336A8EADFAF777BFD38E /* ContentView.swift in Sources */ = {isa = PBXBuildFile; fileRef = E3CA1711CACA20D74D26C138 /* ContentView.swift */; };
		976600B3435EFD37E916C82A /* UIKitDemo.swift in Sources */ = {isa = PBXBuildFile; fileRef = CCFF2F198B6660319FD1267A /* UIKitDemo.swift */; };
		D060EB2E21D4D56F4E537C26 /* ScribbleLetter in Frameworks */ = {isa = PBXBuildFile; productRef = BA181A39BDEEA24A34FDD721 /* ScribbleLetter */; };
/* End PBXBuildFile section */

/* Begin PBXFileReference section */
		1D56C0F9ED142B2C80116C91 /* ScribbleLetterView */ = {isa = PBXFileReference; lastKnownFileType = folder; name = ScribbleLetterView; path = ..; sourceTree = SOURCE_ROOT; };
		26CB71342630C92A9520BE1D /* App.swift */ = {isa = PBXFileReference; lastKnownFileType = sourcecode.swift; path = App.swift; sourceTree = "<group>"; };
		8EAFF280CFAC17D0DCB04E47 /* ScribbleApp.app */ = {isa = PBXFileReference; includeInIndex = 0; lastKnownFileType = wrapper.application; path = ScribbleApp.app; sourceTree = BUILT_PRODUCTS_DIR; };
		AA9A561F20466E3B5EC09AC1 /* ControlSurface.swift */ = {isa = PBXFileReference; lastKnownFileType = sourcecode.swift; path = ControlSurface.swift; sourceTree = "<group>"; };
		CCFF2F198B6660319FD1267A /* UIKitDemo.swift */ = {isa = PBXFileReference; lastKnownFileType = sourcecode.swift; path = UIKitDemo.swift; sourceTree = "<group>"; };
		E3CA1711CACA20D74D26C138 /* ContentView.swift */ = {isa = PBXFileReference; lastKnownFileType = sourcecode.swift; path = ContentView.swift; sourceTree = "<group>"; };
/* End PBXFileReference section */

/* Begin PBXFrameworksBuildPhase section */
		703E7353AEFC9F7FC9A2B638 /* Frameworks */ = {
			isa = PBXFrameworksBuildPhase;
			buildActionMask = 2147483647;
			files = (
				D060EB2E21D4D56F4E537C26 /* ScribbleLetter in Frameworks */,
			);
			runOnlyForDeploymentPostprocessing = 0;
		};
/* End PBXFrameworksBuildPhase section */

/* Begin PBXGroup section */
		76ED5CB427213388E3F65B7D = {
			isa = PBXGroup;
			children = (
				C9CB4DD3B617CCE7CD3FE4EB /* Packages */,
				F29E7C866739B13DB622FF59 /* ScribbleApp */,
				F27B0E6F61FE126FE19B7B8D /* Products */,
			);
			sourceTree = "<group>";
		};
		C9CB4DD3B617CCE7CD3FE4EB /* Packages */ = {
			isa = PBXGroup;
			children = (
				1D56C0F9ED142B2C80116C91 /* ScribbleLetterView */,
			);
			name = Packages;
			sourceTree = "<group>";
		};
		F27B0E6F61FE126FE19B7B8D /* Products */ = {
			isa = PBXGroup;
			children = (
				8EAFF280CFAC17D0DCB04E47 /* ScribbleApp.app */,
			);
			name = Products;
			sourceTree = "<group>";
		};
		F29E7C866739B13DB622FF59 /* ScribbleApp */ = {
			isa = PBXGroup;
			children = (
				26CB71342630C92A9520BE1D /* App.swift */,
				E3CA1711CACA20D74D26C138 /* ContentView.swift */,
				AA9A561F20466E3B5EC09AC1 /* ControlSurface.swift */,
				CCFF2F198B6660319FD1267A /* UIKitDemo.swift */,
			);
			path = ScribbleApp;
			sourceTree = "<group>";
		};
/* End PBXGroup section */

/* Begin PBXNativeTarget section */
		778777582E317A711B10CDEE /* ScribbleApp */ = {
			isa = PBXNativeTarget;
			buildConfigurationList = 242A262AD5F7293D4BFBA804 /* Build configuration list for PBXNativeTarget "ScribbleApp" */;
			buildPhases = (
				3014125D6D0A26F7B7851B51 /* Sources */,
				703E7353AEFC9F7FC9A2B638 /* Frameworks */,
			);
			buildRules = (
			);
			dependencies = (
			);
			name = ScribbleApp;
			packageProductDependencies = (
				BA181A39BDEEA24A34FDD721 /* ScribbleLetter */,
			);
			productName = ScribbleApp;
			productReference = 8EAFF280CFAC17D0DCB04E47 /* ScribbleApp.app */;
			productType = "com.apple.product-type.application";
		};
/* End PBXNativeTarget section */

/* Begin PBXProject section */
		C13F4C984D21ACC5F1A874B7 /* Project object */ = {
			isa = PBXProject;
			attributes = {
				BuildIndependentTargetsInParallel = YES;
				LastUpgradeCheck = 1430;
				TargetAttributes = {
					778777582E317A711B10CDEE = {
						DevelopmentTeam = 964G86XT2P;
						ProvisioningStyle = Automatic;
					};
				};
			};
			buildConfigurationList = 73960D88C7AE6575E1D838EA /* Build configuration list for PBXProject "ScribbleApp" */;
			developmentRegion = en;
			hasScannedForEncodings = 0;
			knownRegions = (
				Base,
				en,
			);
			mainGroup = 76ED5CB427213388E3F65B7D;
			minimizedProjectReferenceProxies = 1;
			packageReferences = (
				4C1E0893649D1851072D4FF0 /* XCLocalSwiftPackageReference ".." */,
			);
			preferredProjectObjectVersion = 77;
			productRefGroup = F27B0E6F61FE126FE19B7B8D /* Products */;
			projectDirPath = "";
			projectRoot = "";
			targets = (
				778777582E317A711B10CDEE /* ScribbleApp */,
			);
		};
/* End PBXProject section */

/* Begin PBXSourcesBuildPhase section */
		3014125D6D0A26F7B7851B51 /* Sources */ = {
			isa = PBXSourcesBuildPhase;
			buildActionMask = 2147483647;
			files = (
				112FCF9022AA929ACE750EC2 /* App.swift in Sources */,
				6A57336A8EADFAF777BFD38E /* ContentView.swift in Sources */,
				317CA547470AD5BED4232E37 /* ControlSurface.swift in Sources */,
				976600B3435EFD37E916C82A /* UIKitDemo.swift in Sources */,
			);
			runOnlyForDeploymentPostprocessing = 0;
		};
/* End PBXSourcesBuildPhase section */

/* Begin XCBuildConfiguration section */
		B3DC75F6CACA19057163F9FE /* Release */ = {
			isa = XCBuildConfiguration;
			buildSettings = {
				ALWAYS_SEARCH_USER_PATHS = NO;
				CLANG_ANALYZER_NONNULL = YES;
				CLANG_ANALYZER_NUMBER_OBJECT_CONVERSION = YES_AGGRESSIVE;
				CLANG_CXX_LANGUAGE_STANDARD = "gnu++14";
				CLANG_CXX_LIBRARY = "libc++";
				CLANG_ENABLE_MODULES = YES;
				CLANG_ENABLE_OBJC_ARC = YES;
				CLANG_ENABLE_OBJC_WEAK = YES;
				CLANG_WARN_BLOCK_CAPTURE_AUTORELEASING = YES;
				CLANG_WARN_BOOL_CONVERSION = YES;
				CLANG_WARN_COMMA = YES;
				CLANG_WARN_CONSTANT_CONVERSION = YES;
				CLANG_WARN_DEPRECATED_OBJC_IMPLEMENTATIONS = YES;
				CLANG_WARN_DIRECT_OBJC_ISA_USAGE = YES_ERROR;
				CLANG_WARN_DOCUMENTATION_COMMENTS = YES;
				CLANG_WARN_EMPTY_BODY = YES;
				CLANG_WARN_ENUM_CONVERSION = YES;
				CLANG_WARN_INFINITE_RECURSION = YES;
				CLANG_WARN_INT_CONVERSION = YES;
				CLANG_WARN_NON_LITERAL_NULL_CONVERSION = YES;
				CLANG_WARN_OBJC_IMPLICIT_RETAIN_SELF = YES;
				CLANG_WARN_OBJC_LITERAL_CONVERSION = YES;
				CLANG_WARN_OBJC_ROOT_CLASS = YES_ERROR;
				CLANG_WARN_QUOTED_INCLUDE_IN_FRAMEWORK_HEADER = YES;
				CLANG_WARN_RANGE_LOOP_ANALYSIS = YES;
				CLANG_WARN_STRICT_PROTOTYPES = YES;
				CLANG_WARN_SUSPICIOUS_MOVE = YES;
				CLANG_WARN_UNGUARDED_AVAILABILITY = YES_AGGRESSIVE;
				CLANG_WARN_UNREACHABLE_CODE = YES;
				CLANG_WARN__DUPLICATE_METHOD_MATCH = YES;
				COPY_PHASE_STRIP = NO;
				DEBUG_INFORMATION_FORMAT = "dwarf-with-dsym";
				ENABLE_NS_ASSERTIONS = NO;
				ENABLE_STRICT_OBJC_MSGSEND = YES;
				GCC_C_LANGUAGE_STANDARD = gnu11;
				GCC_NO_COMMON_BLOCKS = YES;
				GCC_WARN_64_TO_32_BIT_CONVERSION = YES;
				GCC_WARN_ABOUT_RETURN_TYPE = YES_ERROR;
				GCC_WARN_UNDECLARED_SELECTOR = YES;
				GCC_WARN_UNINITIALIZED_AUTOS = YES_AGGRESSIVE;
				GCC_WARN_UNUSED_FUNCTION = YES;
				GCC_WARN_UNUSED_VARIABLE = YES;
				IPHONEOS_DEPLOYMENT_TARGET = 15.0;
				MTL_ENABLE_DEBUG_INFO = NO;
				MTL_FAST_MATH = YES;
				PRODUCT_NAME = "$(TARGET_NAME)";
				SDKROOT = iphoneos;
				SWIFT_COMPILATION_MODE = wholemodule;
				SWIFT_OPTIMIZATION_LEVEL = "-O";
				SWIFT_VERSION = 5.0;
			};
			name = Release;
		};
		C92E6F3651F43D7FDAD81E60 /* Debug */ = {
			isa = XCBuildConfiguration;
			buildSettings = {
				ALWAYS_SEARCH_USER_PATHS = NO;
				CLANG_ANALYZER_NONNULL = YES;
				CLANG_ANALYZER_NUMBER_OBJECT_CONVERSION = YES_AGGRESSIVE;
				CLANG_CXX_LANGUAGE_STANDARD = "gnu++14";
				CLANG_CXX_LIBRARY = "libc++";
				CLANG_ENABLE_MODULES = YES;
				CLANG_ENABLE_OBJC_ARC = YES;
				CLANG_ENABLE_OBJC_WEAK = YES;
				CLANG_WARN_BLOCK_CAPTURE_AUTORELEASING = YES;
				CLANG_WARN_BOOL_CONVERSION = YES;
				CLANG_WARN_COMMA = YES;
				CLANG_WARN_CONSTANT_CONVERSION = YES;
				CLANG_WARN_DEPRECATED_OBJC_IMPLEMENTATIONS = YES;
				CLANG_WARN_DIRECT_OBJC_ISA_USAGE = YES_ERROR;
				CLANG_WARN_DOCUMENTATION_COMMENTS = YES;
				CLANG_WARN_EMPTY_BODY = YES;
				CLANG_WARN_ENUM_CONVERSION = YES;
				CLANG_WARN_INFINITE_RECURSION = YES;
				CLANG_WARN_INT_CONVERSION = YES;
				CLANG_WARN_NON_LITERAL_NULL_CONVERSION = YES;
				CLANG_WARN_OBJC_IMPLICIT_RETAIN_SELF = YES;
				CLANG_WARN_OBJC_LITERAL_CONVERSION = YES;
				CLANG_WARN_OBJC_ROOT_CLASS = YES_ERROR;
				CLANG_WARN_QUOTED_INCLUDE_IN_FRAMEWORK_HEADER = YES;
				CLANG_WARN_RANGE_LOOP_ANALYSIS = YES;
				CLANG_WARN_STRICT_PROTOTYPES = YES;
				CLANG_WARN_SUSPICIOUS_MOVE = YES;
				CLANG_WARN_UNGUARDED_AVAILABILITY = YES_AGGRESSIVE;
				CLANG_WARN_UNREACHABLE_CODE = YES;
				CLANG_WARN__DUPLICATE_METHOD_MATCH = YES;
				COPY_PHASE_STRIP = NO;
				DEBUG_INFORMATION_FORMAT = dwarf;
				ENABLE_STRICT_OBJC_MSGSEND = YES;
				ENABLE_TESTABILITY = YES;
				GCC_C_LANGUAGE_STANDARD = gnu11;
				GCC_DYNAMIC_NO_PIC = NO;
				GCC_NO_COMMON_BLOCKS = YES;
				GCC_OPTIMIZATION_LEVEL = 0;
				GCC_PREPROCESSOR_DEFINITIONS = (
					"$(inherited)",
					"DEBUG=1",
				);
				GCC_WARN_64_TO_32_BIT_CONVERSION = YES;
				GCC_WARN_ABOUT_RETURN_TYPE = YES_ERROR;
				GCC_WARN_UNDECLARED_SELECTOR = YES;
				GCC_WARN_UNINITIALIZED_AUTOS = YES_AGGRESSIVE;
				GCC_WARN_UNUSED_FUNCTION = YES;
				GCC_WARN_UNUSED_VARIABLE = YES;
				IPHONEOS_DEPLOYMENT_TARGET = 15.0;
				MTL_ENABLE_DEBUG_INFO = INCLUDE_SOURCE;
				MTL_FAST_MATH = YES;
				ONLY_ACTIVE_ARCH = YES;
				PRODUCT_NAME = "$(TARGET_NAME)";
				SDKROOT = iphoneos;
				SWIFT_ACTIVE_COMPILATION_CONDITIONS = DEBUG;
				SWIFT_OPTIMIZATION_LEVEL = "-Onone";
				SWIFT_VERSION = 5.0;
			};
			name = Debug;
		};
		CF7DE59F066AE2A3A344EE69 /* Release */ = {
			isa = XCBuildConfiguration;
			buildSettings = {
				ASSETCATALOG_COMPILER_APPICON_NAME = AppIcon;
				CODE_SIGN_IDENTITY = "iPhone Developer";
				CODE_SIGN_STYLE = Automatic;
				CURRENT_PROJECT_VERSION = 1;
				DEVELOPMENT_TEAM = 964G86XT2P;
				GENERATE_INFOPLIST_FILE = YES;
				INFOPLIST_KEY_CFBundleDisplayName = Scribble;
				INFOPLIST_KEY_UIApplicationSceneManifest_Generation = YES;
				INFOPLIST_KEY_UILaunchScreen_Generation = YES;
				INFOPLIST_KEY_UISupportedInterfaceOrientations = "UIInterfaceOrientationPortrait UIInterfaceOrientationLandscapeLeft UIInterfaceOrientationLandscapeRight";
				INFOPLIST_KEY_UISupportedInterfaceOrientations_iPad = "UIInterfaceOrientationPortrait UIInterfaceOrientationPortraitUpsideDown UIInterfaceOrientationLandscapeLeft UIInterfaceOrientationLandscapeRight";
				LD_RUNPATH_SEARCH_PATHS = (
					"$(inherited)",
					"@executable_path/Frameworks",
				);
				MARKETING_VERSION = 1.0;
				PRODUCT_BUNDLE_IDENTIFIER = wiki.qaq.ScribbleApp;
				SDKROOT = iphoneos;
				SWIFT_VERSION = 6.0;
				TARGETED_DEVICE_FAMILY = "1,2";
			};
			name = Release;
		};
		E49664FEA1D52B07F1B03B2E /* Debug */ = {
			isa = XCBuildConfiguration;
			buildSettings = {
				ASSETCATALOG_COMPILER_APPICON_NAME = AppIcon;
				CODE_SIGN_IDENTITY = "iPhone Developer";
				CODE_SIGN_STYLE = Automatic;
				CURRENT_PROJECT_VERSION = 1;
				DEVELOPMENT_TEAM = 964G86XT2P;
				GENERATE_INFOPLIST_FILE = YES;
				INFOPLIST_KEY_CFBundleDisplayName = Scribble;
				INFOPLIST_KEY_UIApplicationSceneManifest_Generation = YES;
				INFOPLIST_KEY_UILaunchScreen_Generation = YES;
				INFOPLIST_KEY_UISupportedInterfaceOrientations = "UIInterfaceOrientationPortrait UIInterfaceOrientationLandscapeLeft UIInterfaceOrientationLandscapeRight";
				INFOPLIST_KEY_UISupportedInterfaceOrientations_iPad = "UIInterfaceOrientationPortrait UIInterfaceOrientationPortraitUpsideDown UIInterfaceOrientationLandscapeLeft UIInterfaceOrientationLandscapeRight";
				LD_RUNPATH_SEARCH_PATHS = (
					"$(inherited)",
					"@executable_path/Frameworks",
				);
				MARKETING_VERSION = 1.0;
				PRODUCT_BUNDLE_IDENTIFIER = wiki.qaq.ScribbleApp;
				SDKROOT = iphoneos;
				SWIFT_VERSION = 6.0;
				TARGETED_DEVICE_FAMILY = "1,2";
			};
			name = Debug;
		};
/* End XCBuildConfiguration section */

/* Begin XCConfigurationList section */
		242A262AD5F7293D4BFBA804 /* Build configuration list for PBXNativeTarget "ScribbleApp" */ = {
			isa = XCConfigurationList;
			buildConfigurations = (
				E49664FEA1D52B07F1B03B2E /* Debug */,
				CF7DE59F066AE2A3A344EE69 /* Release */,
			);
			defaultConfigurationIsVisible = 0;
			defaultConfigurationName = Debug;
		};
		73960D88C7AE6575E1D838EA /* Build configuration list for PBXProject "ScribbleApp" */ = {
			isa = XCConfigurationList;
			buildConfigurations = (
				C92E6F3651F43D7FDAD81E60 /* Debug */,
				B3DC75F6CACA19057163F9FE /* Release */,
			);
			defaultConfigurationIsVisible = 0;
			defaultConfigurationName = Debug;
		};
/* End XCConfigurationList section */

/* Begin XCLocalSwiftPackageReference section */
		4C1E0893649D1851072D4FF0 /* XCLocalSwiftPackageReference ".." */ = {
			isa = XCLocalSwiftPackageReference;
			relativePath = ..;
		};
/* End XCLocalSwiftPackageReference section */

/* Begin XCSwiftPackageProductDependency section */
		BA181A39BDEEA24A34FDD721 /* ScribbleLetter */ = {
			isa = XCSwiftPackageProductDependency;
			productName = ScribbleLetter;
		};
/* End XCSwiftPackageProductDependency section */
	};
	rootObject = C13F4C984D21ACC5F1A874B7 /* Project object */;
}
